
Microsoft Visual Studio Solution File, Format Version 12.00
# Visual Studio Version 16
VisualStudioVersion = 16.0.32002.261
MinimumVisualStudioVersion = 10.0.40219.1
Project("{FAE04EC0-301F-11D3-BF4B-00C04F79EFBC}") = "ToastNotification", "ToastNotification\ToastNotification.csproj", "{7D0DAF69-7F98-4A8A-BCAF-D6C5CFADF1D7}"
EndProject
Project("{FAE04EC0-301F-11D3-BF4B-00C04F79EFBC}") = "ToastNotificationTest", "ToastNotificationTest\ToastNotificationTest.csproj", "{FAB8B7B4-7849-4542-817B-1A5B53CEA659}"
EndProject
Global
	GlobalSection(SolutionConfigurationPlatforms) = preSolution
		Debug|Any CPU = Debug|Any CPU
		Release|Any CPU = Release|Any CPU
	EndGlobalSection
	GlobalSection(ProjectConfigurationPlatforms) = postSolution
		{7D0DAF69-7F98-4A8A-BCAF-D6C5CFADF1D7}.Debug|Any CPU.ActiveCfg = Debug|Any CPU
		{7D0DAF69-7F98-4A8A-BCAF-D6C5CFADF1D7}.Debug|Any CPU.Build.0 = Debug|Any CPU
		{7D0DAF69-7F98-4A8A-BCAF-D6C5CFADF1D7}.Release|Any CPU.ActiveCfg = Release|Any CPU
		{7D0DAF69-7F98-4A8A-BCAF-D6C5CFADF1D7}.Release|Any CPU.Build.0 = Release|Any CPU
		{FAB8B7B4-7849-4542-817B-1A5B53CEA659}.Debug|Any CPU.ActiveCfg = Debug|Any CPU
		{FAB8B7B4-7849-4542-817B-1A5B53CEA659}.Debug|Any CPU.Build.0 = Debug|Any CPU
		{FAB8B7B4-7849-4542-817B-1A5B53CEA659}.Release|Any CPU.ActiveCfg = Release|Any CPU
		{FAB8B7B4-7849-4542-817B-1A5B53CEA659}.Release|Any CPU.Build.0 = Release|Any CPU
	EndGlobalSection
	GlobalSection(SolutionProperties) = preSolution
		HideSolutionNode = FALSE
	EndGlobalSection
	GlobalSection(ExtensibilityGlobals) = postSolution
		SolutionGuid = {9C73C286-0BB2-4B32-9135-57F0D17ABD33}
	EndGlobalSection
EndGlobal
